// !$*UTF8*$!
{
	archiveVersion = 1;
	classes = {
	};
	objectVersion = 48;
	objects = {

/* Begin PBXBuildFile section */
		8A21AD521F981173009AE283 /* ListOfTextViewController.m in Sources */ = {isa = PBXBuildFile; fileRef = 8A21AD511F981173009AE283 /* ListOfTextViewController.m */; };
		8A3743F21F8EAF0200144329 /* AppDelegate.m in Sources */ = {isa = PBXBuildFile; fileRef = 8A3743F11F8EAF0200144329 /* AppDelegate.m */; };
		8A3743F51F8EAF0200144329 /* ViewController.m in Sources */ = {isa = PBXBuildFile; fileRef = 8A3743F41F8EAF0200144329 /* ViewController.m */; };
		8A3743F81F8EAF0200144329 /* Main.storyboard in Resources */ = {isa = PBXBuildFile; fileRef = 8A3743F61F8EAF0200144329 /* Main.storyboard */; };
		8A3743FA1F8EAF0200144329 /* Assets.xcassets in Resources */ = {isa = PBXBuildFile; fileRef = 8A3743F91F8EAF0200144329 /* Assets.xcassets */; };
		8A3743FD1F8EAF0200144329 /* LaunchScreen.storyboard in Resources */ = {isa = PBXBuildFile; fileRef = 8A3743FB1F8EAF0200144329 /* LaunchScreen.storyboard */; };
		8A3744001F8EAF0200144329 /* main.m in Sources */ = {isa = PBXBuildFile; fileRef = 8A3743FF1F8EAF0200144329 /* main.m */; };
/* End PBXBuildFile section */

/* Begin PBXFileReference section */
		8A21AD501F981173009AE283 /* ListOfTextViewController.h */ = {isa = PBXFileReference; lastKnownFileType = sourcecode.c.h; path = ListOfTextViewController.h; sourceTree = "<group>"; };
		8A21AD511F981173009AE283 /* ListOfTextViewController.m */ = {isa = PBXFileReference; lastKnownFileType = sourcecode.c.objc; path = ListOfTextViewController.m; sourceTree = "<group>"; };
		8A3743ED1F8EAF0200144329 /* ColorText.app */ = {isa = PBXFileReference; explicitFileType = wrapper.application; includeInIndex = 0; path = ColorText.app; sourceTree = BUILT_PRODUCTS_DIR; };
		8A3743F01F8EAF0200144329 /* AppDelegate.h */ = {isa = PBXFileReference; lastKnownFileType = sourcecode.c.h; path = AppDelegate.h; sourceTree = "<group>"; };
		8A3743F11F8EAF0200144329 /* AppDelegate.m */ = {isa = PBXFileReference; lastKnownFileType = sourcecode.c.objc; path = AppDelegate.m; sourceTree = "<group>"; };
		8A3743F31F8EAF0200144329 /* ViewController.h */ = {isa = PBXFileReference; lastKnownFileType = sourcecode.c.h; path = ViewController.h; sourceTree = "<group>"; };
		8A3743F41F8EAF0200144329 /* ViewController.m */ = {isa = PBXFileReference; lastKnownFileType = sourcecode.c.objc; path = ViewController.m; sourceTree = "<group>"; };
		8A3743F71F8EAF0200144329 /* Base */ = {isa = PBXFileReference; lastKnownFileType = file.storyboard; name = Base; path = Base.lproj/Main.storyboard; sourceTree = "<group>"; };
		8A3743F91F8EAF0200144329 /* Assets.xcassets */ = {isa = PBXFileReference; lastKnownFileType = folder.assetcatalog; path = Assets.xcassets; sourceTree = "<group>"; };
		8A3743FC1F8EAF0200144329 /* Base */ = {isa = PBXFileReference; lastKnownFileType = file.storyboard; name = Base; path = Base.lproj/LaunchScreen.storyboard; sourceTree = "<group>"; };
		8A3743FE1F8EAF0200144329 /* Info.plist */ = {isa = PBXFileReference; lastKnownFileType = text.plist.xml; path = Info.plist; sourceTree = "<group>"; };
		8A3743FF1F8EAF0200144329 /* main.m */ = {isa = PBXFileReference; lastKnownFileType = sourcecode.c.objc; path = main.m; sourceTree = "<group>"; };
/* End PBXFileReference section */

/* Begin PBXFrameworksBuildPhase section */
		8A3743EA1F8EAF0200144329 /* Frameworks */ = {
			isa = PBXFrameworksBuildPhase;
			buildActionMask = 2147483647;
			files = (
			);
			runOnlyForDeploymentPostprocessing = 0;
		};
/* End PBXFrameworksBuildPhase section */

/* Begin PBXGroup section */
		8A3743E41F8EAF0200144329 = {
			isa = PBXGroup;
			children = (
				8A3743EF1F8EAF0200144329 /* ColorText */,
				8A3743EE1F8EAF0200144329 /* Products */,
			);
			sourceTree = "<group>";
		};
		8A3743EE1F8EAF0200144329 /* Products */ = {
			isa = PBXGroup;
			children = (
				8A3743ED1F8EAF0200144329 /* ColorText.app */,
			);
			name = Products;
			sourceTree = "<group>";
		};
		8A3743EF1F8EAF0200144329 /* ColorText */ = {
			isa = PBXGroup;
			children = (
				8A3743F01F8EAF0200144329 /* AppDelegate.h */,
				8A3743F11F8EAF0200144329 /* AppDelegate.m */,
				8A3743F31F8EAF0200144329 /* ViewController.h */,
				8A3743F41F8EAF0200144329 /* ViewController.m */,
				8A3743F61F8EAF0200144329 /* Main.storyboard */,
				8A21AD501F981173009AE283 /* ListOfTextViewController.h */,
				8A21AD511F981173009AE283 /* ListOfTextViewController.m */,
				8A3743F91F8EAF0200144329 /* Assets.xcassets */,
				8A3743FB1F8EAF0200144329 /* LaunchScreen.storyboard */,
				8A3743FE1F8EAF0200144329 /* Info.plist */,
				8A3743FF1F8EAF0200144329 /* main.m */,
			);
			path = ColorText;
			sourceTree = "<group>";
		};
/* End PBXGroup section */

/* Begin PBXNativeTarget section */
		8A3743EC1F8EAF0200144329 /* ColorText */ = {
			isa = PBXNativeTarget;
			buildConfigurationList = 8A3744031F8EAF0200144329 /* Build configuration list for PBXNativeTarget "ColorText" */;
			buildPhases = (
				8A3743E91F8EAF0200144329 /* Sources */,
				8A3743EA1F8EAF0200144329 /* Frameworks */,
				8A3743EB1F8EAF0200144329 /* Resources */,
			);
			buildRules = (
			);
			dependencies = (
			);
			name = ColorText;
			productName = ColorText;
			productReference = 8A3743ED1F8EAF0200144329 /* ColorText.app */;
			productType = "com.apple.product-type.application";
		};
/* End PBXNativeTarget section */

/* Begin PBXProject section */
		8A3743E51F8EAF0200144329 /* Project object */ = {
			isa = PBXProject;
			attributes = {
				LastUpgradeCheck = 0900;
				ORGANIZATIONNAME = "Алексей";
				TargetAttributes = {
					8A3743EC1F8EAF0200144329 = {
						CreatedOnToolsVersion = 9.0;
						ProvisioningStyle = Automatic;
					};
				};
			};
			buildConfigurationList = 8A3743E81F8EAF0200144329 /* Build configuration list for PBXProject "ColorText" */;
			compatibilityVersion = "Xcode 8.0";
			developmentRegion = en;
			hasScannedForEncodings = 0;
			knownRegions = (
				en,
				Base,
			);
			mainGroup = 8A3743E41F8EAF0200144329;
			productRefGroup = 8A3743EE1F8EAF0200144329 /* Products */;
			projectDirPath = "";
			projectRoot = "";
			targets = (
				8A3743EC1F8EAF0200144329 /* ColorText */,
			);
		};
/* End PBXProject section */

/* Begin PBXResourcesBuildPhase section */
		8A3743EB1F8EAF0200144329 /* Resources */ = {
			isa = PBXResourcesBuildPhase;
			buildActionMask = 2147483647;
			files = (
				8A3743FD1F8EAF0200144329 /* LaunchScreen.storyboard in Resources */,
				8A3743FA1F8EAF0200144329 /* Assets.xcassets in Resources */,
				8A3743F81F8EAF0200144329 /* Main.storyboard in Resources */,
			);
			runOnlyForDeploymentPostprocessing = 0;
		};
/* End PBXResourcesBuildPhase section */

/* Begin PBXSourcesBuildPhase section */
		8A3743E91F8EAF0200144329 /* Sources */ = {
			isa = PBXSourcesBuildPhase;
			buildActionMask = 2147483647;
			files = (
				8A3743F51F8EAF0200144329 /* ViewController.m in Sources */,
				8A3744001F8EAF0200144329 /* main.m in Sources */,
				8A21AD521F981173009AE283 /* ListOfTextViewController.m in Sources */,
				8A3743F21F8EAF0200144329 /* AppDelegate.m in Sources */,
			);
			runOnlyForDeploymentPostprocessing = 0;
		};
/* End PBXSourcesBuildPhase section */

/* Begin PBXVariantGroup section */
		8A3743F61F8EAF0200144329 /* Main.storyboard */ = {
			isa = PBXVariantGroup;
			children = (
				8A3743F71F8EAF0200144329 /* Base */,
			);
			name = Main.storyboard;
			sourceTree = "<group>";
		};
		8A3743FB1F8EAF0200144329 /* LaunchScreen.storyboard */ = {
			isa = PBXVariantGroup;
			children = (
				8A3743FC1F8EAF0200144329 /* Base */,
			);
			name = LaunchScreen.storyboard;
			sourceTree = "<group>";
		};
/* End PBXVariantGroup section */

/* Begin XCBuildConfiguration section */
		8A3744011F8EAF0200144329 /* Debug */ = {
			isa = XCBuildConfiguration;
			buildSettings = {
				ALWAYS_SEARCH_USER_PATHS = NO;
				CLANG_ANALYZER_NONNULL = YES;
				CLANG_ANALYZER_NUMBER_OBJECT_CONVERSION = YES_AGGRESSIVE;
				CLANG_CXX_LANGUAGE_STANDARD = "gnu++14";
				CLANG_CXX_LIBRARY = "libc++";
				CLANG_ENABLE_MODULES = YES;
				CLANG_ENABLE_OBJC_ARC = YES;
				CLANG_WARN_BLOCK_CAPTURE_AUTORELEASING = YES;
				CLANG_WARN_BOOL_CONVERSION = YES;
				CLANG_WARN_COMMA = YES;
				CLANG_WARN_CONSTANT_CONVERSION = YES;
				CLANG_WARN_DIRECT_OBJC_ISA_USAGE = YES_ERROR;
				CLANG_WARN_DOCUMENTATION_COMMENTS = YES;
				CLANG_WARN_EMPTY_BODY = YES;
				CLANG_WARN_ENUM_CONVERSION = YES;
				CLANG_WARN_INFINITE_RECURSION = YES;
				CLANG_WARN_INT_CONVERSION = YES;
				CLANG_WARN_NON_LITERAL_NULL_CONVERSION = YES;
				CLANG_WARN_OBJC_LITERAL_CONVERSION = YES;
				CLANG_WARN_OBJC_ROOT_CLASS = YES_ERROR;
				CLANG_WARN_RANGE_LOOP_ANALYSIS = YES;
				CLANG_WARN_STRICT_PROTOTYPES = YES;
				CLANG_WARN_SUSPICIOUS_MOVE = YES;
				CLANG_WARN_UNGUARDED_AVAILABILITY = YES_AGGRESSIVE;
				CLANG_WARN_UNREACHABLE_CODE = YES;
				CLANG_WARN__DUPLICATE_METHOD_MATCH = YES;
				CODE_SIGN_IDENTITY = "iPhone Developer";
				COPY_PHASE_STRIP = NO;
				DEBUG_INFORMATION_FORMAT = dwarf;
				ENABLE_STRICT_OBJC_MSGSEND = YES;
				ENABLE_TESTABILITY = YES;
				GCC_C_LANGUAGE_STANDARD = gnu11;
				GCC_DYNAMIC_NO_PIC = NO;
				GCC_NO_COMMON_BLOCKS = YES;
				GCC_OPTIMIZATION_LEVEL = 0;
				GCC_PREPROCESSOR_DEFINITIONS = (
					"DEBUG=1",
					"$(inherited)",
				);
				GCC_WARN_64_TO_32_BIT_CONVERSION = YES;
				GCC_WARN_ABOUT_RETURN_TYPE = YES_ERROR;
				GCC_WARN_UNDECLARED_SELECTOR = YES;
				GCC_WARN_UNINITIALIZED_AUTOS = YES_AGGRESSIVE;
				GCC_WARN_UNUSED_FUNCTION = YES;
				GCC_WARN_UNUSED_VARIABLE = YES;
				IPHONEOS_DEPLOYMENT_TARGET = 11.0;
				MTL_ENABLE_DEBUG_INFO = YES;
				ONLY_ACTIVE_ARCH = YES;
				SDKROOT = iphoneos;
			};
			name = Debug;
		};
		8A3744021F8EAF0200144329 /* Release */ = {
			isa = XCBuildConfiguration;
			buildSettings = {
				ALWAYS_SEARCH_USER_PATHS = NO;
				CLANG_ANALYZER_NONNULL = YES;
				CLANG_ANALYZER_NUMBER_OBJECT_CONVERSION = YES_AGGRESSIVE;
				CLANG_CXX_LANGUAGE_STANDARD = "gnu++14";
				CLANG_CXX_LIBRARY = "libc++";
				CLANG_ENABLE_MODULES = YES;
				CLANG_ENABLE_OBJC_ARC = YES;
				CLANG_WARN_BLOCK_CAPTURE_AUTORELEASING = YES;
				CLANG_WARN_BOOL_CONVERSION = YES;
				CLANG_WARN_COMMA = YES;
				CLANG_WARN_CONSTANT_CONVERSION = YES;
				CLANG_WARN_DIRECT_OBJC_ISA_USAGE = YES_ERROR;
				CLANG_WARN_DOCUMENTATION_COMMENTS = YES;
				CLANG_WARN_EMPTY_BODY = YES;
				CLANG_WARN_ENUM_CONVERSION = YES;
				CLANG_WARN_INFINITE_RECURSION = YES;
				CLANG_WARN_INT_CONVERSION = YES;
				CLANG_WARN_NON_LITERAL_NULL_CONVERSION = YES;
				CLANG_WARN_OBJC_LITERAL_CONVERSION = YES;
				CLANG_WARN_OBJC_ROOT_CLASS = YES_ERROR;
				CLANG_WARN_RANGE_LOOP_ANALYSIS = YES;
				CLANG_WARN_STRICT_PROTOTYPES = YES;
				CLANG_WARN_SUSPICIOUS_MOVE = YES;
				CLANG_WARN_UNGUARDED_AVAILABILITY = YES_AGGRESSIVE;
				CLANG_WARN_UNREACHABLE_CODE = YES;
				CLANG_WARN__DUPLICATE_METHOD_MATCH = YES;
				CODE_SIGN_IDENTITY = "iPhone Developer";
				COPY_PHASE_STRIP = NO;
				DEBUG_INFORMATION_FORMAT = "dwarf-with-dsym";
				ENABLE_NS_ASSERTIONS = NO;
				ENABLE_STRICT_OBJC_MSGSEND = YES;
				GCC_C_LANGUAGE_STANDARD = gnu11;
				GCC_NO_COMMON_BLOCKS = YES;
				GCC_WARN_64_TO_32_BIT_CONVERSION = YES;
				GCC_WARN_ABOUT_RETURN_TYPE = YES_ERROR;
				GCC_WARN_UNDECLARED_SELECTOR = YES;
				GCC_WARN_UNINITIALIZED_AUTOS = YES_AGGRESSIVE;
				GCC_WARN_UNUSED_FUNCTION = YES;
				GCC_WARN_UNUSED_VARIABLE = YES;
				IPHONEOS_DEPLOYMENT_TARGET = 11.0;
				MTL_ENABLE_DEBUG_INFO = NO;
				SDKROOT = iphoneos;
				VALIDATE_PRODUCT = YES;
			};
			name = Release;
		};
		8A3744041F8EAF0200144329 /* Debug */ = {
			isa = XCBuildConfiguration;
			buildSettings = {
				ASSETCATALOG_COMPILER_APPICON_NAME = AppIcon;
				"CODE_SIGN_IDENTITY[sdk=iphoneos*]" = "iPhone Developer";
				CODE_SIGN_STYLE = Automatic;
				DEVELOPMENT_TEAM = GLQY2SH5YN;
				INFOPLIST_FILE = ColorText/Info.plist;
				IPHONEOS_DEPLOYMENT_TARGET = 10.3;
				LD_RUNPATH_SEARCH_PATHS = "$(inherited) @executable_path/Frameworks";
				PRODUCT_BUNDLE_IDENTIFIER = Alexey.ColorText;
				PRODUCT_NAME = "$(TARGET_NAME)";
				PROVISIONING_PROFILE_SPECIFIER = "";
				TARGETED_DEVICE_FAMILY = "1,2";
			};
			name = Debug;
		};
		8A3744051F8EAF0200144329 /* Release */ = {
			isa = XCBuildConfiguration;
			buildSettings = {
				ASSETCATALOG_COMPILER_APPICON_NAME = AppIcon;
				"CODE_SIGN_IDENTITY[sdk=iphoneos*]" = "iPhone Developer";
				CODE_SIGN_STYLE = Automatic;
				DEVELOPMENT_TEAM = GLQY2SH5YN;
				INFOPLIST_FILE = ColorText/Info.plist;
				IPHONEOS_DEPLOYMENT_TARGET = 10.3;
				LD_RUNPATH_SEARCH_PATHS = "$(inherited) @executable_path/Frameworks";
				PRODUCT_BUNDLE_IDENTIFIER = Alexey.ColorText;
				PRODUCT_NAME = "$(TARGET_NAME)";
				PROVISIONING_PROFILE_SPECIFIER = "";
				TARGETED_DEVICE_FAMILY = "1,2";
			};
			name = Release;
		};
/* End XCBuildConfiguration section */

/* Begin XCConfigurationList section */
		8A3743E81F8EAF0200144329 /* Build configuration list for PBXProject "ColorText" */ = {
			isa = XCConfigurationList;
			buildConfigurations = (
				8A3744011F8EAF0200144329 /* Debug */,
				8A3744021F8EAF0200144329 /* Release */,
			);
			defaultConfigurationIsVisible = 0;
			defaultConfigurationName = Release;
		};
		8A3744031F8EAF0200144329 /* Build configuration list for PBXNativeTarget "ColorText" */ = {
			isa = XCConfigurationList;
			buildConfigurations = (
				8A3744041F8EAF0200144329 /* Debug */,
				8A3744051F8EAF0200144329 /* Release */,
			);
			defaultConfigurationIsVisible = 0;
			defaultConfigurationName = Release;
		};
/* End XCConfigurationList section */
	};
	rootObject = 8A3743E51F8EAF0200144329 /* Project object */;
}
